# THIS IS AN AUTOGENERATED FILE. DO NOT EDIT THIS FILE DIRECTLY.
# yarn lockfile v1


"@babel/runtime@7.0.0-beta.46":
  version "7.0.0-beta.46"
  resolved "http://registry.npm.taobao.org/@babel/runtime/download/@babel/runtime-7.0.0-beta.46.tgz#466a9c0498f6d12d054a185981eef742d59d4871"
  integrity sha1-RmqcBJj20S0FShhZge73QtWdSHE=
  dependencies:
    core-js "^2.5.3"
    regenerator-runtime "^0.11.1"

"@types/history@*":
  version "4.7.2"
  resolved "http://registry.npm.taobao.org/@types/history/download/@types/history-4.7.2.tgz#0e670ea254d559241b6eeb3894f8754991e73220"
  integrity sha1-DmcOolTVWSQbbus4lPh1SZHnMiA=

"@types/isomorphic-fetch@^0.0.34":
  version "0.0.34"
  resolved "http://registry.npm.taobao.org/@types/isomorphic-fetch/download/@types/isomorphic-fetch-0.0.34.tgz#3c3483e606c041378438e951464f00e4e60706d6"
  integrity sha1-PDSD5gbAQTeEOOlRRk8A5OYHBtY=

"@types/prop-types@*":
  version "15.5.6"
  resolved "http://registry.npm.taobao.org/@types/prop-types/download/@types/prop-types-15.5.6.tgz#9c03d3fed70a8d517c191b7734da2879b50ca26c"
  integrity sha1-nAPT/tcKjVF8GRt3NNooebUMomw=

"@types/react-router-dom@^4.2.7":
  version "4.3.1"
  resolved "http://registry.npm.taobao.org/@types/react-router-dom/download/@types/react-router-dom-4.3.1.tgz#71fe2918f8f60474a891520def40a63997dafe04"
  integrity sha1-cf4pGPj2BHSokVIN70CmOZfa/gQ=
  dependencies:
    "@types/history" "*"
    "@types/react" "*"
    "@types/react-router" "*"

"@types/react-router-redux@^5.0.13":
  version "5.0.16"
  resolved "http://registry.npm.taobao.org/@types/react-router-redux/download/@types/react-router-redux-5.0.16.tgz#3db2a8f0410fe9d821e6ace87b774c8bdecb39ca"
  integrity sha1-PbKo8EEP6dgh5qzoe3dMi97LOco=
  dependencies:
    "@types/history" "*"
    "@types/react" "*"
    "@types/react-router" "*"
    redux ">= 3.7.2"

"@types/react-router@*":
  version "4.4.1"
  resolved "http://registry.npm.taobao.org/@types/react-router/download/@types/react-router-4.4.1.tgz#c875dfd0b6fe00efa463eb8e5de8b5f74644b3f5"
  integrity sha1-yHXf0Lb+AO+kY+uOXei190ZEs/U=
  dependencies:
    "@types/history" "*"
    "@types/react" "*"

"@types/react@*":
  version "16.4.18"
  resolved "http://registry.npm.taobao.org/@types/react/download/@types/react-16.4.18.tgz#2e28a2e7f92d3fa7d6a65f2b73275c3e3138a13d"
  integrity sha1-Liii5/ktP6fWpl8rcydcPjE4oT0=
  dependencies:
    "@types/prop-types" "*"
    csstype "^2.2.0"

core-js@^2.5.3:
  version "2.5.7"
  resolved "http://registry.npm.taobao.org/core-js/download/core-js-2.5.7.tgz#f972608ff0cead68b841a16a932d0b183791814e"
  integrity sha1-+XJgj/DOrWi4QaFqky0LGDeRgU4=

csstype@^2.2.0:
  version "2.5.7"
  resolved "http://registry.npm.taobao.org/csstype/download/csstype-2.5.7.tgz#bf9235d5872141eccfb2d16d82993c6b149179ff"
  integrity sha1-v5I11YchQezPstFtgpk8axSRef8=

dom-walk@^0.1.0:
  version "0.1.1"
  resolved "http://registry.npm.taobao.org/dom-walk/download/dom-walk-0.1.1.tgz#672226dc74c8f799ad35307df936aba11acd6018"
  integrity sha1-ZyIm3HTI95mtNTB9+TaroRrNYBg=

dva-core@^1.4.0:
  version "1.4.0"
  resolved "http://registry.npm.taobao.org/dva-core/download/dva-core-1.4.0.tgz#30aed800b97f07f768e42049094ee3150f48c5d3"
  integrity sha1-MK7YALl/B/do5CBJCU7jFQ9IxdM=
  dependencies:
    "@babel/runtime" "7.0.0-beta.46"
    flatten "^1.0.2"
    global "^4.3.2"
    invariant "^2.2.1"
    is-plain-object "^2.0.3"
    redux "^3.7.1"
    redux-saga "^0.16.0"
    warning "^3.0.0"

dva@^2.4.1:
  version "2.4.1"
  resolved "http://registry.npm.taobao.org/dva/download/dva-2.4.1.tgz#a3eeb07bb8bc6e2ff9ffe31799d03cb69e45f5fd"
  integrity sha1-o+6we7i8bi/5/+MXmdA8tp5F9f0=
  dependencies:
    "@babel/runtime" "7.0.0-beta.46"
    "@types/isomorphic-fetch" "^0.0.34"
    "@types/react-router-dom" "^4.2.7"
    "@types/react-router-redux" "^5.0.13"
    dva-core "^1.4.0"
    global "^4.3.2"
    history "^4.6.3"
    invariant "^2.2.2"
    isomorphic-fetch "^2.2.1"
    react-redux "5.0.7"
    react-router-dom "^4.1.2"
    react-router-redux "5.0.0-alpha.9"
    redux "^3.7.2"

encoding@^0.1.11:
  version "0.1.12"
  resolved "http://registry.npm.taobao.org/encoding/download/encoding-0.1.12.tgz#538b66f3ee62cd1ab51ec323829d1f9480c74beb"
  integrity sha1-U4tm8+5izRq1HsMjgp0flIDHS+s=
  dependencies:
    iconv-lite "~0.4.13"

flatten@^1.0.2:
  version "1.0.2"
  resolved "http://registry.npm.taobao.org/flatten/download/flatten-1.0.2.tgz#dae46a9d78fbe25292258cc1e780a41d95c03782"
  integrity sha1-2uRqnXj74lKSJYzB54CkHZXAN4I=

global@^4.3.2:
  version "4.3.2"
  resolved "http://registry.npm.taobao.org/global/download/global-4.3.2.tgz#e76989268a6c74c38908b1305b10fc0e394e9d0f"
  integrity sha1-52mJJopsdMOJCLEwWxD8DjlOnQ8=
  dependencies:
    min-document "^2.19.0"
    process "~0.5.1"

history@^4.6.3, history@^4.7.2:
  version "4.7.2"
  resolved "http://registry.npm.taobao.org/history/download/history-4.7.2.tgz#22b5c7f31633c5b8021c7f4a8a954ac139ee8d5b"
  integrity sha1-IrXH8xYzxbgCHH9KipVKwTnujVs=
  dependencies:
    invariant "^2.2.1"
    loose-envify "^1.2.0"
    resolve-pathname "^2.2.0"
    value-equal "^0.4.0"
    warning "^3.0.0"

hoist-non-react-statics@^2.5.0:
  version "2.5.5"
  resolved "http://registry.npm.taobao.org/hoist-non-react-statics/download/hoist-non-react-statics-2.5.5.tgz#c5903cf409c0dfd908f388e619d86b9c1174cb47"
  integrity sha1-xZA89AnA39kI84jmGdhrnBF0y0c=

iconv-lite@~0.4.13:
  version "0.4.24"
  resolved "http://registry.npm.taobao.org/iconv-lite/download/iconv-lite-0.4.24.tgz#2022b4b25fbddc21d2f524974a474aafe733908b"
  integrity sha1-ICK0sl+93CHS9SSXSkdKr+czkIs=
  dependencies:
    safer-buffer ">= 2.1.2 < 3"

invariant@^2.0.0, invariant@^2.2.1, invariant@^2.2.2, invariant@^2.2.4:
  version "2.2.4"
  resolved "http://registry.npm.taobao.org/invariant/download/invariant-2.2.4.tgz#610f3c92c9359ce1db616e538008d23ff35158e6"
  integrity sha1-YQ88ksk1nOHbYW5TgAjSP/NRWOY=
  dependencies:
    loose-envify "^1.0.0"

is-plain-object@^2.0.3:
  version "2.0.4"
  resolved "http://registry.npm.taobao.org/is-plain-object/download/is-plain-object-2.0.4.tgz#2c163b3fafb1b606d9d17928f05c2a1c38e07677"
  integrity sha1-LBY7P6+xtgbZ0Xko8FwqHDjgdnc=
  dependencies:
    isobject "^3.0.1"

is-stream@^1.0.1:
  version "1.1.0"
  resolved "http://registry.npm.taobao.org/is-stream/download/is-stream-1.1.0.tgz#12d4a3dd4e68e0b79ceb8dbc84173ae80d91ca44"
  integrity sha1-EtSj3U5o4Lec6428hBc66A2RykQ=

isarray@0.0.1:
  version "0.0.1"
  resolved "http://registry.npm.taobao.org/isarray/download/isarray-0.0.1.tgz#8a18acfca9a8f4177e09abfc6038939b05d1eedf"
  integrity sha1-ihis/Kmo9Bd+Cav8YDiTmwXR7t8=

isobject@^3.0.1:
  version "3.0.1"
  resolved "http://registry.npm.taobao.org/isobject/download/isobject-3.0.1.tgz#4e431e92b11a9731636aa1f9c8d1ccbcfdab78df"
  integrity sha1-TkMekrEalzFjaqH5yNHMvP2reN8=

isomorphic-fetch@^2.2.1:
  version "2.2.1"
  resolved "http://registry.npm.taobao.org/isomorphic-fetch/download/isomorphic-fetch-2.2.1.tgz#611ae1acf14f5e81f729507472819fe9733558a9"
  integrity sha1-YRrhrPFPXoH3KVB0coGf6XM1WKk=
  dependencies:
    node-fetch "^1.0.1"
    whatwg-fetch ">=0.10.0"

"js-tokens@^3.0.0 || ^4.0.0":
  version "4.0.0"
  resolved "http://registry.npm.taobao.org/js-tokens/download/js-tokens-4.0.0.tgz#19203fb59991df98e3a287050d4647cdeaf32499"
  integrity sha1-GSA/tZmR35jjoocFDUZHzerzJJk=

lodash-es@^4.17.5, lodash-es@^4.2.1:
  version "4.17.11"
  resolved "http://registry.npm.taobao.org/lodash-es/download/lodash-es-4.17.11.tgz#145ab4a7ac5c5e52a3531fb4f310255a152b4be0"
  integrity sha1-FFq0p6xcXlKjUx+08xAlWhUrS+A=

lodash@^4.17.5, lodash@^4.2.1:
  version "4.17.11"
  resolved "http://registry.npm.taobao.org/lodash/download/lodash-4.17.11.tgz#b39ea6229ef607ecd89e2c8df12536891cac9b8d"
  integrity sha1-s56mIp72B+zYniyN8SU2iRysm40=

loose-envify@^1.0.0, loose-envify@^1.1.0, loose-envify@^1.2.0, loose-envify@^1.3.1, loose-envify@^1.4.0:
  version "1.4.0"
  resolved "http://registry.npm.taobao.org/loose-envify/download/loose-envify-1.4.0.tgz#71ee51fa7be4caec1a63839f7e682d8132d30caf"
  integrity sha1-ce5R+nvkyuwaY4OffmgtgTLTDK8=
  dependencies:
    js-tokens "^3.0.0 || ^4.0.0"

min-document@^2.19.0:
  version "2.19.0"
  resolved "http://registry.npm.taobao.org/min-document/download/min-document-2.19.0.tgz#7bd282e3f5842ed295bb748cdd9f1ffa2c824685"
  integrity sha1-e9KC4/WELtKVu3SM3Z8f+iyCRoU=
  dependencies:
    dom-walk "^0.1.0"

node-fetch@^1.0.1:
  version "1.7.3"
  resolved "http://registry.npm.taobao.org/node-fetch/download/node-fetch-1.7.3.tgz#980f6f72d85211a5347c6b2bc18c5b84c3eb47ef"
  integrity sha1-mA9vcthSEaU0fGsrwYxbhMPrR+8=
  dependencies:
    encoding "^0.1.11"
    is-stream "^1.0.1"

object-assign@^4.1.1:
  version "4.1.1"
  resolved "http://registry.npm.taobao.org/object-assign/download/object-assign-4.1.1.tgz#2109adc7965887cfc05cbbd442cac8bfbb360863"
  integrity sha1-IQmtx5ZYh8/AXLvUQsrIv7s2CGM=

path-to-regexp@^1.7.0:
  version "1.7.0"
  resolved "http://registry.npm.taobao.org/path-to-regexp/download/path-to-regexp-1.7.0.tgz#59fde0f435badacba103a84e9d3bc64e96b9937d"
  integrity sha1-Wf3g9DW62suhA6hOnTvGTpa5k30=
  dependencies:
    isarray "0.0.1"

process@~0.5.1:
  version "0.5.2"
  resolved "http://registry.npm.taobao.org/process/download/process-0.5.2.tgz#1638d8a8e34c2f440a91db95ab9aeb677fc185cf"
  integrity sha1-FjjYqONML0QKkduVq5rrZ3/Bhc8=

prop-types@^15.6.0, prop-types@^15.6.1, prop-types@^15.6.2:
  version "15.6.2"
  resolved "http://registry.npm.taobao.org/prop-types/download/prop-types-15.6.2.tgz#05d5ca77b4453e985d60fc7ff8c859094a497102"
  integrity sha1-BdXKd7RFPphdYPx/+MhZCUpJcQI=
  dependencies:
    loose-envify "^1.3.1"
    object-assign "^4.1.1"

react-dom@^16.6.1:
  version "16.6.1"
  resolved "http://registry.npm.taobao.org/react-dom/download/react-dom-16.6.1.tgz#5476e08694ae504ae385a28b62ecc4fe3a29add9"
  integrity sha1-VHbghpSuUErjhaKLYuzE/joprdk=
  dependencies:
    loose-envify "^1.1.0"
    object-assign "^4.1.1"
    prop-types "^15.6.2"
    scheduler "^0.11.0"

react-redux@5.0.7:
  version "5.0.7"
  resolved "http://registry.npm.taobao.org/react-redux/download/react-redux-5.0.7.tgz#0dc1076d9afb4670f993ffaef44b8f8c1155a4c8"
  integrity sha1-DcEHbZr7RnD5k/+u9EuPjBFVpMg=
  dependencies:
    hoist-non-react-statics "^2.5.0"
    invariant "^2.0.0"
    lodash "^4.17.5"
    lodash-es "^4.17.5"
    loose-envify "^1.1.0"
    prop-types "^15.6.0"

react-router-dom@^4.1.2:
  version "4.3.1"
  resolved "http://registry.npm.taobao.org/react-router-dom/download/react-router-dom-4.3.1.tgz#4c2619fc24c4fa87c9fd18f4fb4a43fe63fbd5c6"
  integrity sha1-TCYZ/CTE+ofJ/Rj0+0pD/mP71cY=
  dependencies:
    history "^4.7.2"
    invariant "^2.2.4"
    loose-envify "^1.3.1"
    prop-types "^15.6.1"
    react-router "^4.3.1"
    warning "^4.0.1"

react-router-redux@5.0.0-alpha.9:
  version "5.0.0-alpha.9"
  resolved "http://registry.npm.taobao.org/react-router-redux/download/react-router-redux-5.0.0-alpha.9.tgz#825431516e0e6f1fd93b8807f6bd595e23ec3d10"
  integrity sha1-glQxUW4Obx/ZO4gH9r1ZXiPsPRA=
  dependencies:
    history "^4.7.2"
    prop-types "^15.6.0"
    react-router "^4.2.0"

react-router@^4.2.0, react-router@^4.3.1:
  version "4.3.1"
  resolved "http://registry.npm.taobao.org/react-router/download/react-router-4.3.1.tgz#aada4aef14c809cb2e686b05cee4742234506c4e"
  integrity sha1-qtpK7xTICcsuaGsFzuR0IjRQbE4=
  dependencies:
    history "^4.7.2"
    hoist-non-react-statics "^2.5.0"
    invariant "^2.2.4"
    loose-envify "^1.3.1"
    path-to-regexp "^1.7.0"
    prop-types "^15.6.1"
    warning "^4.0.1"

react@^16.6.1:
  version "16.6.1"
  resolved "http://registry.npm.taobao.org/react/download/react-16.6.1.tgz#ee2aef4f0a09e494594882029821049772f915fe"
  integrity sha1-7irvTwoJ5JRZSIICmCEEl3L5Ff4=
  dependencies:
    loose-envify "^1.1.0"
    object-assign "^4.1.1"
    prop-types "^15.6.2"
    scheduler "^0.11.0"

redux-saga@^0.16.0:
  version "0.16.2"
  resolved "http://registry.npm.taobao.org/redux-saga/download/redux-saga-0.16.2.tgz#993662e86bc945d8509ac2b8daba3a8c615cc971"
  integrity sha1-mTZi6GvJRdhQmsK42ro6jGFcyXE=

"redux@>= 3.7.2":
  version "4.0.1"
  resolved "http://registry.npm.taobao.org/redux/download/redux-4.0.1.tgz#436cae6cc40fbe4727689d7c8fae44808f1bfef5"
  integrity sha1-Q2yubMQPvkcnaJ18j65EgI8b/vU=
  dependencies:
    loose-envify "^1.4.0"
    symbol-observable "^1.2.0"

redux@^3.7.1, redux@^3.7.2:
  version "3.7.2"
  resolved "http://registry.npm.taobao.org/redux/download/redux-3.7.2.tgz#06b73123215901d25d065be342eb026bc1c8537b"
  integrity sha1-BrcxIyFZAdJdBlvjQusCa8HIU3s=
  dependencies:
    lodash "^4.2.1"
    lodash-es "^4.2.1"
    loose-envify "^1.1.0"
    symbol-observable "^1.0.3"

regenerator-runtime@^0.11.1:
  version "0.11.1"
  resolved "http://registry.npm.taobao.org/regenerator-runtime/download/regenerator-runtime-0.11.1.tgz#be05ad7f9bf7d22e056f9726cee5017fbf19e2e9"
  integrity sha1-vgWtf5v30i4Fb5cmzuUBf78Z4uk=

resolve-pathname@^2.2.0:
  version "2.2.0"
  resolved "http://registry.npm.taobao.org/resolve-pathname/download/resolve-pathname-2.2.0.tgz#7e9ae21ed815fd63ab189adeee64dc831eefa879"
  integrity sha1-fpriHtgV/WOrGJre7mTcgx7vqHk=

"safer-buffer@>= 2.1.2 < 3":
  version "2.1.2"
  resolved "http://registry.npm.taobao.org/safer-buffer/download/safer-buffer-2.1.2.tgz#44fa161b0187b9549dd84bb91802f9bd8385cd6a"
  integrity sha1-RPoWGwGHuVSd2Eu5GAL5vYOFzWo=

scheduler@^0.11.0:
  version "0.11.0"
  resolved "http://registry.npm.taobao.org/scheduler/download/scheduler-0.11.0.tgz#def1f1bfa6550cc57981a87106e65e8aea41a6b5"
  integrity sha1-3vHxv6ZVDMV5gahxBuZeiupBprU=
  dependencies:
    loose-envify "^1.1.0"
    object-assign "^4.1.1"

symbol-observable@^1.0.3, symbol-observable@^1.2.0:
  version "1.2.0"
  resolved "http://registry.npm.taobao.org/symbol-observable/download/symbol-observable-1.2.0.tgz#c22688aed4eab3cdc2dfeacbb561660560a00804"
  integrity sha1-wiaIrtTqs83C3+rLtWFmBWCgCAQ=

value-equal@^0.4.0:
  version "0.4.0"
  resolved "http://registry.npm.taobao.org/value-equal/download/value-equal-0.4.0.tgz#c5bdd2f54ee093c04839d71ce2e4758a6890abc7"
  integrity sha1-xb3S9U7gk8BIOdcc4uR1imiQq8c=

warning@^3.0.0:
  version "3.0.0"
  resolved "http://registry.npm.taobao.org/warning/download/warning-3.0.0.tgz#32e5377cb572de4ab04753bdf8821c01ed605b7c"
  integrity sha1-MuU3fLVy3kqwR1O9+IIcAe1gW3w=
  dependencies:
    loose-envify "^1.0.0"

warning@^4.0.1:
  version "4.0.2"
  resolved "http://registry.npm.taobao.org/warning/download/warning-4.0.2.tgz#aa6876480872116fa3e11d434b0d0d8d91e44607"
  integrity sha1-qmh2SAhyEW+j4R1DSw0NjZHkRgc=
  dependencies:
    loose-envify "^1.0.0"

whatwg-fetch@>=0.10.0:
  version "3.0.0"
  resolved "http://registry.npm.taobao.org/whatwg-fetch/download/whatwg-fetch-3.0.0.tgz#fc804e458cc460009b1a2b966bc8817d2578aefb"
  integrity sha1-/IBORYzEYACbGiuWa8iBfSV4rvs=
