# THIS IS AN AUTOGENERATED FILE. DO NOT EDIT THIS FILE DIRECTLY.
# yarn lockfile v1


"@babel/runtime@^7.4.3":
  version "7.7.2"
  resolved "https://registry.npm.taobao.org/@babel/runtime/download/@babel/runtime-7.7.2.tgz?cache=0&sync_timestamp=1573083187206&other_urls=https%3A%2F%2Fregistry.npm.taobao.org%2F%40babel%2Fruntime%2Fdownload%2F%40babel%2Fruntime-7.7.2.tgz#111a78002a5c25fc8e3361bedc9529c696b85a6a"
  integrity sha1-ERp4ACpcJfyOM2G+3JUpxpa4Wmo=
  dependencies:
    regenerator-runtime "^0.13.2"

"@babel/runtime@^7.4.5":
  version "7.10.2"
  resolved "https://registry.npm.taobao.org/@babel/runtime/download/@babel/runtime-7.10.2.tgz#d103f21f2602497d38348a32e008637d506db839"
  integrity sha1-0QPyHyYCSX04NIoy4AhjfVBtuDk=
  dependencies:
    regenerator-runtime "^0.13.4"

"@lugia/array-utils@^1.0.2":
  version "1.0.2"
  resolved "http://192.168.102.79:5001/@lugia%2farray-utils/-/array-utils-1.0.2.tgz#34d364b94d2919b6ec891124c84157a07b28211d"
  integrity sha1-NNNkuU0pGbbsiREkyEFXoHsoIR0=
  dependencies:
    tslib "^1.11.1"

"@lugia/geometry@^1.0.13":
  version "1.0.13"
  resolved "https://registry.yarnpkg.com/@lugia/geometry/-/geometry-1.0.13.tgz#6287f578fb6e8f47a4c46f10e3e60af13b257a07"
  integrity sha512-NHAvJSYRTdt7lL0q3BN8Lp/zfzo2FAfmoVwUV0PsA2HGY/vp3VMTkpU023JQz0+tp6eXIvsT5dsviBBOTTb08g==
  dependencies:
    "@lugia/math" "^1.0.10"
    tslib "^1.11.1"

"@lugia/lugiad-compiler-types@^1.1.7":
  version "1.1.7"
  resolved "https://registry.yarnpkg.com/@lugia/lugiad-compiler-types/-/lugiad-compiler-types-1.1.7.tgz#63fa037dac3fd34483fd384311f145df68e1382b"
  integrity sha512-cGlG5JnO4TRHMzFzja1yzMBoOXnePRI4jmedk40gr7Zu2JGhNMkY63UNjaFRQxKv6kSSha4VZofAk+33VK8d7Q==
  dependencies:
    "@lugia/lugiad-types" "^1.1.8"

"@lugia/lugiad-compiler@^1.1.12":
  version "1.1.12"
  resolved "https://registry.yarnpkg.com/@lugia/lugiad-compiler/-/lugiad-compiler-1.1.12.tgz#381402116847d3891089ebb6fdd79610c5335138"
  integrity sha512-7uGgJvWmjCTRPGERS8V1XMEUtse59xywMEeUWEJw+NuD7nJ/crbeVbxLV0/xXCJeM6a7Cp43FnCaEOkMUnEfhQ==
  dependencies:
    "@lugia/array-utils" "^1.0.2"
    "@lugia/geometry" "^1.0.13"
    "@lugia/lugiad" "^1.1.12"
    "@lugia/lugiad-compiler-types" "^1.1.7"
    "@lugia/lugiad-runtime-lib" "^1.0.3"
    tslib "^1.11.1"

"@lugia/lugiad-runtime-lib@^1.0.3":
  version "1.0.3"
  resolved "https://registry.yarnpkg.com/@lugia/lugiad-runtime-lib/-/lugiad-runtime-lib-1.0.3.tgz#0aba32da085fad90420fc5e1ead40d884ed63480"
  integrity sha512-1whhbLXnub8SsVfn2eiLHnHVa7EmRhSlmvLQH+Wq7M63gOgkBPrK2HcFCB1NLR0mtOeha9yKCqgGK/RiknUcCw==
  dependencies:
    tslib "^1.11.1"

"@lugia/lugiad-runtime@1.1.15":
  version "1.1.15"
  resolved "https://registry.yarnpkg.com/@lugia/lugiad-runtime/-/lugiad-runtime-1.1.15.tgz#c37c2bb6f28230f010caba498acbf844a9e88aa1"
  integrity sha512-luHr+z+BKCaJyF7JkSfxTlYyXRZ8IpBX+gZzLAS5CMSLeR3oNIfKWnI1AXEE1b7A2jXzeHE3/PAwvxv3ugE1dQ==
  dependencies:
    "@lugia/lugiad-compiler" "^1.1.12"
    "@lugia/lugiad-compiler-types" "^1.1.7"
    "@lugia/lugiad-types" "^1.1.8"
    "@lugia/lugiadc-render" "^1.1.12"
    "@lugia/lugiadc-render-react-plugin" "^1.1.10"
    "@lugia/lugiadc-render-types" "^1.1.7"
    tslib "^1.11.1"

"@lugia/lugiad-types@^1.1.8":
  version "1.1.8"
  resolved "https://registry.yarnpkg.com/@lugia/lugiad-types/-/lugiad-types-1.1.8.tgz#3fdd604b03ab4a9ed632753d8a36fdca44356e37"
  integrity sha512-wuoIjyeG72vZjIjWzNS3nvfTnNtsUBlLnMEcV9jdJVnvPaoYCacOz0Fg9QPVOPdoHUb2AdH4eLEuCvl7IN02gw==

"@lugia/lugiad@^1.1.12":
  version "1.1.12"
  resolved "https://registry.yarnpkg.com/@lugia/lugiad/-/lugiad-1.1.12.tgz#ed8011a576c81615d3474955a7502bf03f409fd3"
  integrity sha512-FWCXblQGeBUlPmG+ux1I/jILxx6J+cgVF+KwjOYTEU9rLwwqYQQdog8GgGnantWhjrrotKOFHGk+7/A+E9vsrA==
  dependencies:
    "@lugia/lugiad-types" "^1.1.8"
    tslib "^1.11.1"

"@lugia/lugiadc-render-lib@^1.1.7":
  version "1.1.7"
  resolved "https://registry.yarnpkg.com/@lugia/lugiadc-render-lib/-/lugiadc-render-lib-1.1.7.tgz#656c3e2e321b9fc17ce15a95e47132fb875309fe"
  integrity sha512-STp/Pm1vezB03irNqSBUndvM8CL/n5BQSpw0XuLH8oK3zBJhJZYH7wmzcfzZtjsH9TqqncIsy1k/hQNLuuGv+A==
  dependencies:
    "@lugia/lugiad-compiler-types" "^1.1.7"
    "@lugia/lugiad-runtime-lib" "^1.0.3"
    "@lugia/lugiad-types" "^1.1.8"
    "@lugia/lugiadc-render-types" "^1.1.7"
    "@types/prettier" "^2.0.0"
    prettier "^2.0.5"
    tslib "^1.11.1"

"@lugia/lugiadc-render-react-plugin@^1.1.10":
  version "1.1.10"
  resolved "https://registry.yarnpkg.com/@lugia/lugiadc-render-react-plugin/-/lugiadc-render-react-plugin-1.1.10.tgz#bb1d8a8a4cc66bd7415842900ed959deebcb5c64"
  integrity sha512-+EtzgM92L11QPN63DWpwfaoa43n1BjT628thCRlXncLmpj+b16WGaeeT0bcp2VmsiN+8BcThGEnJt02rsJG11A==
  dependencies:
    "@lugia/lugiad-compiler-types" "^1.1.7"
    "@lugia/lugiad-runtime-lib" "^1.0.3"
    "@lugia/lugiad-types" "^1.1.8"
    "@lugia/lugiadc-render-lib" "^1.1.7"
    "@lugia/lugiadc-render-types" "^1.1.7"
    "@lugia/object-utils" "^1.0.16"
    tslib "^1.11.1"

"@lugia/lugiadc-render-types@^1.1.7":
  version "1.1.7"
  resolved "https://registry.yarnpkg.com/@lugia/lugiadc-render-types/-/lugiadc-render-types-1.1.7.tgz#3b7f7f6b91994c3cde25a6dab79da2339e375b7f"
  integrity sha512-Z/wswX9W+jb8UmAsEgkg+m2UqHsgmfGagrO90UP75RbQjpE6UA5cxf8jupIqtglUuXHk0IXgEUrB32NNcnPENQ==
  dependencies:
    "@lugia/lugiad-compiler-types" "^1.1.7"

"@lugia/lugiadc-render@^1.1.12":
  version "1.1.12"
  resolved "https://registry.yarnpkg.com/@lugia/lugiadc-render/-/lugiadc-render-1.1.12.tgz#cf071a7ec965728920c41e2023d396138190e533"
  integrity sha512-t2QnndesDbYWpYXLHHkLEsuN/AGOwHybf1uYiHKHH1yLS99JP9uH9o1uGEABQwoWmOoh0OeUye61/Q8Y3yNqjA==
  dependencies:
    "@lugia/geometry" "^1.0.13"
    "@lugia/lugiad" "^1.1.12"
    "@lugia/lugiad-compiler" "^1.1.12"
    "@lugia/lugiad-compiler-types" "^1.1.7"
    "@lugia/lugiad-runtime-lib" "^1.0.3"
    "@lugia/lugiad-types" "^1.1.8"
    "@lugia/lugiadc-render-lib" "^1.1.7"
    "@lugia/lugiadc-render-types" "^1.1.7"
    "@types/prettier" "^2.0.0"
    prettier "^2.0.5"
    tslib "^1.11.1"

"@lugia/math@^1.0.10":
  version "1.0.10"
  resolved "http://192.168.102.79:5001/@lugia%2fmath/-/math-1.0.10.tgz#5325c247507999c711e41fb9248a9d9a582ed44e"
  integrity sha1-UyXCR1B5mccR5B+5JIqdmlgu1E4=
  dependencies:
    tslib "^1.11.1"

"@lugia/object-utils@^1.0.16":
  version "1.0.16"
  resolved "https://registry.npm.taobao.org/@lugia/object-utils/download/@lugia/object-utils-1.0.16.tgz#957a1a843c661c54aed0ee79f4fa2a50800d17ee"
  integrity sha1-lXoahDxmHFSu0O559PoqUIANF+4=
  dependencies:
    "@babel/runtime" "^7.4.5"
    deepmerge "^3.2.0"
    is-plain-object "^3.0.0"
    tslib "^1.11.1"

"@types/prettier@^2.0.0":
  version "2.0.1"
  resolved "http://192.168.102.79:5001/@types%2fprettier/-/prettier-2.0.1.tgz#b6e98083f13faa1e5231bfa3bdb1b0feff536b6d"
  integrity sha1-tumAg/E/qh5SMb+jvbGw/v9Ta20=

big.js@^5.2.2:
  version "5.2.2"
  resolved "https://registry.npm.taobao.org/big.js/download/big.js-5.2.2.tgz#65f0af382f578bcdc742bd9c281e9cb2d7768328"
  integrity sha1-ZfCvOC9Xi83HQr2cKB6cstd2gyg=

deepmerge@^3.2.0:
  version "3.3.0"
  resolved "https://registry.npm.taobao.org/deepmerge/download/deepmerge-3.3.0.tgz?cache=0&sync_timestamp=1572279812893&other_urls=https%3A%2F%2Fregistry.npm.taobao.org%2Fdeepmerge%2Fdownload%2Fdeepmerge-3.3.0.tgz#d3c47fd6f3a93d517b14426b0628a17b0125f5f7"
  integrity sha1-08R/1vOpPVF7FEJrBiihewEl9fc=

emojis-list@^2.0.0:
  version "2.1.0"
  resolved "https://registry.npm.taobao.org/emojis-list/download/emojis-list-2.1.0.tgz#4daa4d9db00f9819880c79fa457ae5b09a1fd389"
  integrity sha1-TapNnbAPmBmIDHn6RXrlsJof04k=

is-plain-object@^3.0.0:
  version "3.0.0"
  resolved "https://registry.npm.taobao.org/is-plain-object/download/is-plain-object-3.0.0.tgz#47bfc5da1b5d50d64110806c199359482e75a928"
  integrity sha1-R7/F2htdUNZBEIBsGZNZSC51qSg=
  dependencies:
    isobject "^4.0.0"

isobject@^4.0.0:
  version "4.0.0"
  resolved "https://registry.npm.taobao.org/isobject/download/isobject-4.0.0.tgz#3f1c9155e73b192022a80819bacd0343711697b0"
  integrity sha1-PxyRVec7GSAiqAgZus0DQ3EWl7A=

json5@^1.0.1:
  version "1.0.1"
  resolved "https://registry.npm.taobao.org/json5/download/json5-1.0.1.tgz#779fb0018604fa854eacbf6252180d83543e3dbe"
  integrity sha1-d5+wAYYE+oVOrL9iUhgNg1Q+Pb4=
  dependencies:
    minimist "^1.2.0"

loader-utils@1.2.3:
  version "1.2.3"
  resolved "https://registry.npm.taobao.org/loader-utils/download/loader-utils-1.2.3.tgz#1ff5dc6911c9f0a062531a4c04b609406108c2c7"
  integrity sha1-H/XcaRHJ8KBiUxpMBLYJQGEIwsc=
  dependencies:
    big.js "^5.2.2"
    emojis-list "^2.0.0"
    json5 "^1.0.1"

minimist@^1.2.0:
  version "1.2.5"
  resolved "https://registry.yarnpkg.com/minimist/-/minimist-1.2.5.tgz#67d66014b66a6a8aaa0c083c5fd58df4e4e97602"
  integrity sha512-FM9nNUYrRBAELZQT3xeZQ7fmMOBg6nWNmJKTcgsJeaLstP/UODVpGsr5OhXhhXg6f+qtJ8uiZ+PUxkDWcgIXLw==

prettier@^2.0.5:
  version "2.0.5"
  resolved "http://192.168.102.79:5001/prettier/-/prettier-2.0.5.tgz#d6d56282455243f2f92cc1716692c08aa31522d4"
  integrity sha1-1tVigkVSQ/L5LMFxZpLAiqMVItQ=

regenerator-runtime@^0.13.2:
  version "0.13.3"
  resolved "https://registry.npm.taobao.org/regenerator-runtime/download/regenerator-runtime-0.13.3.tgz#7cf6a77d8f5c6f60eb73c5fc1955b2ceb01e6bf5"
  integrity sha1-fPanfY9cb2Drc8X8GVWyzrAea/U=

regenerator-runtime@^0.13.4:
  version "0.13.5"
  resolved "https://registry.npm.taobao.org/regenerator-runtime/download/regenerator-runtime-0.13.5.tgz?cache=0&sync_timestamp=1584052392667&other_urls=https%3A%2F%2Fregistry.npm.taobao.org%2Fregenerator-runtime%2Fdownload%2Fregenerator-runtime-0.13.5.tgz#d878a1d094b4306d10b9096484b33ebd55e26697"
  integrity sha1-2Hih0JS0MG0QuQlkhLM+vVXiZpc=

tslib@^1.11.1:
  version "1.13.0"
  resolved "http://192.168.102.79:5001/tslib/-/tslib-1.13.0.tgz#c881e13cc7015894ed914862d276436fa9a47043"
  integrity sha1-yIHhPMcBWJTtkUhi0nZDb6mkcEM=
