# THIS IS AN AUTOGENERATED FILE. DO NOT EDIT THIS FILE DIRECTLY.
# yarn lockfile v1


"@babel/runtime@^7.4.3":
  version "7.7.2"
  resolved "https://registry.npm.taobao.org/@babel/runtime/download/@babel/runtime-7.7.2.tgz?cache=0&sync_timestamp=1573083187206&other_urls=https%3A%2F%2Fregistry.npm.taobao.org%2F%40babel%2Fruntime%2Fdownload%2F%40babel%2Fruntime-7.7.2.tgz#111a78002a5c25fc8e3361bedc9529c696b85a6a"
  integrity sha1-ERp4ACpcJfyOM2G+3JUpxpa4Wmo=
  dependencies:
    regenerator-runtime "^0.13.2"

"@lugia/array-utils@^1.0.2":
  version "1.0.2"
  resolved "http://192.168.102.79:5001/@lugia%2farray-utils/-/array-utils-1.0.2.tgz#34d364b94d2919b6ec891124c84157a07b28211d"
  integrity sha1-NNNkuU0pGbbsiREkyEFXoHsoIR0=
  dependencies:
    tslib "^1.11.1"

"@lugia/geometry@^1.0.4":
  version "1.0.4"
  resolved "http://192.168.102.79:5001/@lugia%2fgeometry/-/geometry-1.0.4.tgz#476f9173174b2b52360d6bcb973d91891903e8aa"
  integrity sha1-R2+RcxdLK1I2DWvLlz2RiRkD6Ko=
  dependencies:
    "@lugia/math" "^1.0.10"
    tslib "^1.11.1"

"@lugia/lugiad-compiler-types@^1.0.1-alpha.5":
  version "1.0.1-alpha.5"
  resolved "https://registry.npmjs.org/@lugia/lugiad-compiler-types/-/lugiad-compiler-types-1.0.1-alpha.5.tgz#67e0dd2e7c8e14c97c5864c45539b8f0231c3b4a"
  integrity sha512-CcrkZZ+IWDQnFCSzbHWAHdjifG5cEviHUTrF0uoJGmKu7bWH0X5hl5LVcJF3Xlr5d5Zg9+Ss5CdfQatmLjjZ3w==
  dependencies:
    "@lugia/lugiad-types" "^1.0.1-alpha.5"

"@lugia/lugiad-compiler@^1.0.1-alpha.6":
  version "1.0.1-alpha.6"
  resolved "https://registry.npmjs.org/@lugia/lugiad-compiler/-/lugiad-compiler-1.0.1-alpha.6.tgz#dba735634e3b8a5ea876f40d7fe98b05fa8339cb"
  integrity sha512-OArsl+xmf6vMCbV/APmhUM9Pwe3u2f4trLZXPtx+yKmdbAn0IPzIMBEAI3r24Qp7fx9wae+xiiIJTqYXJYFH9g==
  dependencies:
    "@lugia/array-utils" "^1.0.2"
    "@lugia/geometry" "^1.0.4"
    "@lugia/lugiad" "^1.0.2-alpha.7"
    "@lugia/lugiad-compiler-types" "^1.0.1-alpha.5"
    "@lugia/lugiad-runtime-lib" "^1.0.1-alpha.1"
    tslib "^1.11.1"

"@lugia/lugiad-runtime-lib@^1.0.1-alpha.1":
  version "1.0.1-alpha.1"
  resolved "http://192.168.102.79:5001/@lugia%2flugiad-runtime-lib/-/lugiad-runtime-lib-1.0.1-alpha.1.tgz#f42299fd4efde30a435edce226591318ebcd5c5f"
  integrity sha1-9CKZ/U794wpDXtziJlkTGOvNXF8=
  dependencies:
    tslib "^1.11.1"

"@lugia/lugiad-runtime@^1.0.1-alpha.9":
  version "1.0.1-alpha.9"
  resolved "https://registry.npmjs.org/@lugia/lugiad-runtime/-/lugiad-runtime-1.0.1-alpha.9.tgz#1e829701bb1dbdf51b35c52348d67dd6dffe7a14"
  integrity sha512-u8o4JmKZYc8xy62AJ/Wpq1ReiS4AWoioHudl8chiZ8UJKPyyIoNRwMoO5K8OSfOWijj9BiFYxJGlBt5o1VA7Dw==
  dependencies:
    "@lugia/lugiad-compiler" "^1.0.1-alpha.6"
    "@lugia/lugiad-compiler-types" "^1.0.1-alpha.5"
    "@lugia/lugiad-types" "^1.0.1-alpha.5"
    "@lugia/lugiadc-render" "^1.0.1-alpha.9"
    "@lugia/lugiadc-render-react-plugin" "^1.0.1-alpha.5"
    "@lugia/lugiadc-render-types" "^1.0.1-alpha.5"
    tslib "^1.11.1"

"@lugia/lugiad-types@^1.0.1-alpha.5":
  version "1.0.1-alpha.5"
  resolved "https://registry.npmjs.org/@lugia/lugiad-types/-/lugiad-types-1.0.1-alpha.5.tgz#e3cc1c9b4132901a54c16f35832796354ec37a6a"
  integrity sha512-eoZ/IawPP6qPRByy+0nRQHKQCMi5YG4keccKn6Fb/O2iYhdznYRoTWjPq5Yuga4uK0yh+PVo7hlxs+evuOqEJA==

"@lugia/lugiad@^1.0.2-alpha.7":
  version "1.0.2-alpha.7"
  resolved "https://registry.npmjs.org/@lugia/lugiad/-/lugiad-1.0.2-alpha.7.tgz#e86b4ae8fd613b3237abed06dd78bb9eb553cc10"
  integrity sha512-x/SUAeSHM004Cz87YxBiJta35pLNLcbjvxJCSvbDPSUzm4exXHSxJu2HwB6KbVoIKz7jzezVpSHFqtP9LQHR3Q==
  dependencies:
    "@lugia/lugiad-types" "^1.0.1-alpha.5"
    tslib "^1.11.1"

"@lugia/lugiadc-render-react-plugin@^1.0.1-alpha.5":
  version "1.0.1-alpha.5"
  resolved "https://registry.npmjs.org/@lugia/lugiadc-render-react-plugin/-/lugiadc-render-react-plugin-1.0.1-alpha.5.tgz#b9894a99aa0fd0ac329dfd79d0ea2dfc7bf6dc63"
  integrity sha512-QPZLmxZz3qQs8rWjR2qqlHcv7t74m6RNE3GFrApxe6KTfUlO9fScaNHQ+Cet2aOOOHHX8ddF/m9YVS7Als8Ucw==
  dependencies:
    "@lugia/lugiad-compiler-types" "^1.0.1-alpha.5"
    "@lugia/lugiad-runtime-lib" "^1.0.1-alpha.1"
    "@lugia/lugiadc-render-types" "^1.0.1-alpha.5"
    tslib "^1.11.1"

"@lugia/lugiadc-render-types@^1.0.1-alpha.5":
  version "1.0.1-alpha.5"
  resolved "https://registry.npmjs.org/@lugia/lugiadc-render-types/-/lugiadc-render-types-1.0.1-alpha.5.tgz#d46e31ef086555fed09cf6244b2be48dbcba88b9"
  integrity sha512-CnpSVvBCIRpCxxvamHdoIj1y22eeJTxL6Fg/fJ0OdWTavxcVNkXr3RLg2oadJMGLv2HK5JNP5Qe9jZkt/SmNZg==
  dependencies:
    "@lugia/lugiad-compiler-types" "^1.0.1-alpha.5"

"@lugia/lugiadc-render@^1.0.1-alpha.9":
  version "1.0.1-alpha.9"
  resolved "https://registry.npmjs.org/@lugia/lugiadc-render/-/lugiadc-render-1.0.1-alpha.9.tgz#3e9c35b6ac9640f818ff6cf10dd5119387449084"
  integrity sha512-JlfrNKJ0QTqIVKDnPDsoOm91jj/XetJS0EPLh+cxQPbNbWXRhRn9dPu6Eo8ClUluNXBtK8Ia+hG9Z90VXD3ehg==
  dependencies:
    "@lugia/geometry" "^1.0.4"
    "@lugia/lugiad" "^1.0.2-alpha.7"
    "@lugia/lugiad-compiler" "^1.0.1-alpha.6"
    "@lugia/lugiad-compiler-types" "^1.0.1-alpha.5"
    "@lugia/lugiad-runtime-lib" "^1.0.1-alpha.1"
    "@lugia/lugiad-types" "^1.0.1-alpha.5"
    "@lugia/lugiadc-render-types" "^1.0.1-alpha.5"
    "@types/prettier" "^2.0.0"
    prettier "^2.0.5"
    tslib "^1.11.1"

"@lugia/math@^1.0.10":
  version "1.0.10"
  resolved "http://192.168.102.79:5001/@lugia%2fmath/-/math-1.0.10.tgz#5325c247507999c711e41fb9248a9d9a582ed44e"
  integrity sha1-UyXCR1B5mccR5B+5JIqdmlgu1E4=
  dependencies:
    tslib "^1.11.1"

"@types/prettier@^2.0.0":
  version "2.0.1"
  resolved "http://192.168.102.79:5001/@types%2fprettier/-/prettier-2.0.1.tgz#b6e98083f13faa1e5231bfa3bdb1b0feff536b6d"
  integrity sha1-tumAg/E/qh5SMb+jvbGw/v9Ta20=

big.js@^5.2.2:
  version "5.2.2"
  resolved "https://registry.npm.taobao.org/big.js/download/big.js-5.2.2.tgz#65f0af382f578bcdc742bd9c281e9cb2d7768328"
  integrity sha1-ZfCvOC9Xi83HQr2cKB6cstd2gyg=

emojis-list@^2.0.0:
  version "2.1.0"
  resolved "https://registry.npm.taobao.org/emojis-list/download/emojis-list-2.1.0.tgz#4daa4d9db00f9819880c79fa457ae5b09a1fd389"
  integrity sha1-TapNnbAPmBmIDHn6RXrlsJof04k=

json5@^1.0.1:
  version "1.0.1"
  resolved "https://registry.npm.taobao.org/json5/download/json5-1.0.1.tgz#779fb0018604fa854eacbf6252180d83543e3dbe"
  integrity sha1-d5+wAYYE+oVOrL9iUhgNg1Q+Pb4=
  dependencies:
    minimist "^1.2.0"

loader-utils@1.2.3:
  version "1.2.3"
  resolved "https://registry.npm.taobao.org/loader-utils/download/loader-utils-1.2.3.tgz#1ff5dc6911c9f0a062531a4c04b609406108c2c7"
  integrity sha1-H/XcaRHJ8KBiUxpMBLYJQGEIwsc=
  dependencies:
    big.js "^5.2.2"
    emojis-list "^2.0.0"
    json5 "^1.0.1"

minimist@^1.2.0:
  version "1.2.5"
  resolved "https://registry.yarnpkg.com/minimist/-/minimist-1.2.5.tgz#67d66014b66a6a8aaa0c083c5fd58df4e4e97602"
  integrity sha512-FM9nNUYrRBAELZQT3xeZQ7fmMOBg6nWNmJKTcgsJeaLstP/UODVpGsr5OhXhhXg6f+qtJ8uiZ+PUxkDWcgIXLw==

prettier@^2.0.5:
  version "2.0.5"
  resolved "http://192.168.102.79:5001/prettier/-/prettier-2.0.5.tgz#d6d56282455243f2f92cc1716692c08aa31522d4"
  integrity sha1-1tVigkVSQ/L5LMFxZpLAiqMVItQ=

regenerator-runtime@^0.13.2:
  version "0.13.3"
  resolved "https://registry.npm.taobao.org/regenerator-runtime/download/regenerator-runtime-0.13.3.tgz#7cf6a77d8f5c6f60eb73c5fc1955b2ceb01e6bf5"
  integrity sha1-fPanfY9cb2Drc8X8GVWyzrAea/U=

tslib@^1.11.1:
  version "1.13.0"
  resolved "http://192.168.102.79:5001/tslib/-/tslib-1.13.0.tgz#c881e13cc7015894ed914862d276436fa9a47043"
  integrity sha1-yIHhPMcBWJTtkUhi0nZDb6mkcEM=
