# THIS IS AN AUTOGENERATED FILE. DO NOT EDIT THIS FILE DIRECTLY.
# yarn lockfile v1


"@babel/runtime@^7.4.3":
  version "7.7.2"
  resolved "https://registry.npm.taobao.org/@babel/runtime/download/@babel/runtime-7.7.2.tgz?cache=0&sync_timestamp=1573083187206&other_urls=https%3A%2F%2Fregistry.npm.taobao.org%2F%40babel%2Fruntime%2Fdownload%2F%40babel%2Fruntime-7.7.2.tgz#111a78002a5c25fc8e3361bedc9529c696b85a6a"
  integrity sha1-ERp4ACpcJfyOM2G+3JUpxpa4Wmo=
  dependencies:
    regenerator-runtime "^0.13.2"

"@babel/runtime@^7.4.5":
  version "7.10.2"
  resolved "https://registry.npm.taobao.org/@babel/runtime/download/@babel/runtime-7.10.2.tgz#d103f21f2602497d38348a32e008637d506db839"
  integrity sha1-0QPyHyYCSX04NIoy4AhjfVBtuDk=
  dependencies:
    regenerator-runtime "^0.13.4"

"@lugia/array-utils@^1.0.2":
  version "1.0.2"
  resolved "http://192.168.102.79:5001/@lugia%2farray-utils/-/array-utils-1.0.2.tgz#34d364b94d2919b6ec891124c84157a07b28211d"
  integrity sha1-NNNkuU0pGbbsiREkyEFXoHsoIR0=
  dependencies:
    tslib "^1.11.1"

"@lugia/geometry@^1.0.4":
  version "1.0.4"
  resolved "http://192.168.102.79:5001/@lugia%2fgeometry/-/geometry-1.0.4.tgz#476f9173174b2b52360d6bcb973d91891903e8aa"
  integrity sha1-R2+RcxdLK1I2DWvLlz2RiRkD6Ko=
  dependencies:
    "@lugia/math" "^1.0.10"
    tslib "^1.11.1"

"@lugia/lugiad-compiler-types@^1.0.1-alpha.7":
  version "1.0.1-alpha.7"
  resolved "https://registry.npm.taobao.org/@lugia/lugiad-compiler-types/download/@lugia/lugiad-compiler-types-1.0.1-alpha.7.tgz#f9c2d947cddd8a107010a7f1cbd6edeed9a950f8"
  integrity sha1-+cLZR83dihBwEKfxy9bt7tmpUPg=
  dependencies:
    "@lugia/lugiad-types" "^1.0.1-alpha.7"

"@lugia/lugiad-compiler@^1.0.1-alpha.11":
  version "1.0.1-alpha.11"
  resolved "https://registry.npm.taobao.org/@lugia/lugiad-compiler/download/@lugia/lugiad-compiler-1.0.1-alpha.11.tgz#5ccdca79a602ecc40168c80c1b1178daccd70689"
  integrity sha1-XM3KeaYC7MQBaMgMGxF42szXBok=
  dependencies:
    "@lugia/array-utils" "^1.0.2"
    "@lugia/geometry" "^1.0.4"
    "@lugia/lugiad" "^1.0.2-alpha.12"
    "@lugia/lugiad-compiler-types" "^1.0.1-alpha.7"
    "@lugia/lugiad-runtime-lib" "^1.0.1-alpha.2"
    tslib "^1.11.1"

"@lugia/lugiad-runtime-lib@^1.0.1-alpha.2":
  version "1.0.1-alpha.2"
  resolved "https://registry.npm.taobao.org/@lugia/lugiad-runtime-lib/download/@lugia/lugiad-runtime-lib-1.0.1-alpha.2.tgz#f1300a1a1ec5e4bf61112bd940c617d8b7b00322"
  integrity sha1-8TAKGh7F5L9hESvZQMYX2LewAyI=
  dependencies:
    tslib "^1.11.1"

"@lugia/lugiad-runtime@^1.0.1-alpha.15":
  version "1.0.1-alpha.15"
  resolved "https://registry.npm.taobao.org/@lugia/lugiad-runtime/download/@lugia/lugiad-runtime-1.0.1-alpha.15.tgz#cb8470fe6fac229f47787ae0aaaad6a745429d4a"
  integrity sha1-y4Rw/m+sIp9HeHrgqqrWp0VCnUo=
  dependencies:
    "@lugia/lugiad-compiler" "^1.0.1-alpha.11"
    "@lugia/lugiad-compiler-types" "^1.0.1-alpha.7"
    "@lugia/lugiad-types" "^1.0.1-alpha.7"
    "@lugia/lugiadc-render" "^1.0.1-alpha.15"
    "@lugia/lugiadc-render-react-plugin" "^1.0.1-alpha.7"
    "@lugia/lugiadc-render-types" "^1.0.1-alpha.7"
    tslib "^1.11.1"

"@lugia/lugiad-types@^1.0.1-alpha.7":
  version "1.0.1-alpha.7"
  resolved "https://registry.npm.taobao.org/@lugia/lugiad-types/download/@lugia/lugiad-types-1.0.1-alpha.7.tgz#ca70138a2e3bfc77016804abae4b130a9580f83a"
  integrity sha1-ynATii47/HcBaASrrksTCpWA+Do=

"@lugia/lugiad@^1.0.2-alpha.12":
  version "1.0.2-alpha.12"
  resolved "https://registry.npm.taobao.org/@lugia/lugiad/download/@lugia/lugiad-1.0.2-alpha.12.tgz#70b6582716171c65969c11083a2dcb99fd62cb78"
  integrity sha1-cLZYJxYXHGWWnBEIOi3Lmf1iy3g=
  dependencies:
    "@lugia/lugiad-types" "^1.0.1-alpha.7"
    tslib "^1.11.1"

"@lugia/lugiadc-render-lib@^1.0.1-alpha.14":
  version "1.0.1-alpha.14"
  resolved "https://registry.npm.taobao.org/@lugia/lugiadc-render-lib/download/@lugia/lugiadc-render-lib-1.0.1-alpha.14.tgz#e89af262d7f50eebb6cabbf1ddfc178c7a095b8c"
  integrity sha1-6JryYtf1Duu2yrvx3fwXjHoJW4w=
  dependencies:
    "@lugia/lugiad-compiler-types" "^1.0.1-alpha.7"
    "@lugia/lugiad-runtime-lib" "^1.0.1-alpha.2"
    "@lugia/lugiad-types" "^1.0.1-alpha.7"
    "@lugia/lugiadc-render-types" "^1.0.1-alpha.7"
    "@types/prettier" "^2.0.0"
    prettier "^2.0.5"
    tslib "^1.11.1"

"@lugia/lugiadc-render-react-plugin@^1.0.1-alpha.7":
  version "1.0.1-alpha.7"
  resolved "https://registry.npm.taobao.org/@lugia/lugiadc-render-react-plugin/download/@lugia/lugiadc-render-react-plugin-1.0.1-alpha.7.tgz#4c2e0ff664f6a7f1b42a21bc46ac04652743ef48"
  integrity sha1-TC4P9mT2p/G0KiG8RqwEZSdD70g=
  dependencies:
    "@lugia/lugiad-compiler-types" "^1.0.1-alpha.7"
    "@lugia/lugiad-runtime-lib" "^1.0.1-alpha.2"
    "@lugia/lugiadc-render-lib" "^1.0.1-alpha.14"
    "@lugia/lugiadc-render-types" "^1.0.1-alpha.7"
    "@lugia/object-utils" "^1.0.16"
    tslib "^1.11.1"

"@lugia/lugiadc-render-types@^1.0.1-alpha.7":
  version "1.0.1-alpha.7"
  resolved "https://registry.npm.taobao.org/@lugia/lugiadc-render-types/download/@lugia/lugiadc-render-types-1.0.1-alpha.7.tgz#a35b64ceab5df36d86f8eedfca9d2c5a696c3096"
  integrity sha1-o1tkzqtd822G+O7fyp0sWmlsMJY=
  dependencies:
    "@lugia/lugiad-compiler-types" "^1.0.1-alpha.7"

"@lugia/lugiadc-render@^1.0.1-alpha.15":
  version "1.0.1-alpha.15"
  resolved "https://registry.npm.taobao.org/@lugia/lugiadc-render/download/@lugia/lugiadc-render-1.0.1-alpha.15.tgz#13eae3137da12c7c985910c5900f34ef50571292"
  integrity sha1-E+rjE32hLHyYWRDFkA8071BXEpI=
  dependencies:
    "@lugia/geometry" "^1.0.4"
    "@lugia/lugiad" "^1.0.2-alpha.12"
    "@lugia/lugiad-compiler" "^1.0.1-alpha.11"
    "@lugia/lugiad-compiler-types" "^1.0.1-alpha.7"
    "@lugia/lugiad-runtime-lib" "^1.0.1-alpha.2"
    "@lugia/lugiad-types" "^1.0.1-alpha.7"
    "@lugia/lugiadc-render-lib" "^1.0.1-alpha.14"
    "@lugia/lugiadc-render-types" "^1.0.1-alpha.7"
    "@types/prettier" "^2.0.0"
    prettier "^2.0.5"
    tslib "^1.11.1"

"@lugia/math@^1.0.10":
  version "1.0.10"
  resolved "http://192.168.102.79:5001/@lugia%2fmath/-/math-1.0.10.tgz#5325c247507999c711e41fb9248a9d9a582ed44e"
  integrity sha1-UyXCR1B5mccR5B+5JIqdmlgu1E4=
  dependencies:
    tslib "^1.11.1"

"@lugia/object-utils@^1.0.16":
  version "1.0.16"
  resolved "https://registry.npm.taobao.org/@lugia/object-utils/download/@lugia/object-utils-1.0.16.tgz#957a1a843c661c54aed0ee79f4fa2a50800d17ee"
  integrity sha1-lXoahDxmHFSu0O559PoqUIANF+4=
  dependencies:
    "@babel/runtime" "^7.4.5"
    deepmerge "^3.2.0"
    is-plain-object "^3.0.0"
    tslib "^1.11.1"

"@types/prettier@^2.0.0":
  version "2.0.1"
  resolved "http://192.168.102.79:5001/@types%2fprettier/-/prettier-2.0.1.tgz#b6e98083f13faa1e5231bfa3bdb1b0feff536b6d"
  integrity sha1-tumAg/E/qh5SMb+jvbGw/v9Ta20=

big.js@^5.2.2:
  version "5.2.2"
  resolved "https://registry.npm.taobao.org/big.js/download/big.js-5.2.2.tgz#65f0af382f578bcdc742bd9c281e9cb2d7768328"
  integrity sha1-ZfCvOC9Xi83HQr2cKB6cstd2gyg=

deepmerge@^3.2.0:
  version "3.3.0"
  resolved "https://registry.npm.taobao.org/deepmerge/download/deepmerge-3.3.0.tgz?cache=0&sync_timestamp=1572279812893&other_urls=https%3A%2F%2Fregistry.npm.taobao.org%2Fdeepmerge%2Fdownload%2Fdeepmerge-3.3.0.tgz#d3c47fd6f3a93d517b14426b0628a17b0125f5f7"
  integrity sha1-08R/1vOpPVF7FEJrBiihewEl9fc=

emojis-list@^2.0.0:
  version "2.1.0"
  resolved "https://registry.npm.taobao.org/emojis-list/download/emojis-list-2.1.0.tgz#4daa4d9db00f9819880c79fa457ae5b09a1fd389"
  integrity sha1-TapNnbAPmBmIDHn6RXrlsJof04k=

is-plain-object@^3.0.0:
  version "3.0.0"
  resolved "https://registry.npm.taobao.org/is-plain-object/download/is-plain-object-3.0.0.tgz#47bfc5da1b5d50d64110806c199359482e75a928"
  integrity sha1-R7/F2htdUNZBEIBsGZNZSC51qSg=
  dependencies:
    isobject "^4.0.0"

isobject@^4.0.0:
  version "4.0.0"
  resolved "https://registry.npm.taobao.org/isobject/download/isobject-4.0.0.tgz#3f1c9155e73b192022a80819bacd0343711697b0"
  integrity sha1-PxyRVec7GSAiqAgZus0DQ3EWl7A=

json5@^1.0.1:
  version "1.0.1"
  resolved "https://registry.npm.taobao.org/json5/download/json5-1.0.1.tgz#779fb0018604fa854eacbf6252180d83543e3dbe"
  integrity sha1-d5+wAYYE+oVOrL9iUhgNg1Q+Pb4=
  dependencies:
    minimist "^1.2.0"

loader-utils@1.2.3:
  version "1.2.3"
  resolved "https://registry.npm.taobao.org/loader-utils/download/loader-utils-1.2.3.tgz#1ff5dc6911c9f0a062531a4c04b609406108c2c7"
  integrity sha1-H/XcaRHJ8KBiUxpMBLYJQGEIwsc=
  dependencies:
    big.js "^5.2.2"
    emojis-list "^2.0.0"
    json5 "^1.0.1"

minimist@^1.2.0:
  version "1.2.5"
  resolved "https://registry.yarnpkg.com/minimist/-/minimist-1.2.5.tgz#67d66014b66a6a8aaa0c083c5fd58df4e4e97602"
  integrity sha512-FM9nNUYrRBAELZQT3xeZQ7fmMOBg6nWNmJKTcgsJeaLstP/UODVpGsr5OhXhhXg6f+qtJ8uiZ+PUxkDWcgIXLw==

prettier@^2.0.5:
  version "2.0.5"
  resolved "http://192.168.102.79:5001/prettier/-/prettier-2.0.5.tgz#d6d56282455243f2f92cc1716692c08aa31522d4"
  integrity sha1-1tVigkVSQ/L5LMFxZpLAiqMVItQ=

regenerator-runtime@^0.13.2:
  version "0.13.3"
  resolved "https://registry.npm.taobao.org/regenerator-runtime/download/regenerator-runtime-0.13.3.tgz#7cf6a77d8f5c6f60eb73c5fc1955b2ceb01e6bf5"
  integrity sha1-fPanfY9cb2Drc8X8GVWyzrAea/U=

regenerator-runtime@^0.13.4:
  version "0.13.5"
  resolved "https://registry.npm.taobao.org/regenerator-runtime/download/regenerator-runtime-0.13.5.tgz?cache=0&sync_timestamp=1584052392667&other_urls=https%3A%2F%2Fregistry.npm.taobao.org%2Fregenerator-runtime%2Fdownload%2Fregenerator-runtime-0.13.5.tgz#d878a1d094b4306d10b9096484b33ebd55e26697"
  integrity sha1-2Hih0JS0MG0QuQlkhLM+vVXiZpc=

tslib@^1.11.1:
  version "1.13.0"
  resolved "http://192.168.102.79:5001/tslib/-/tslib-1.13.0.tgz#c881e13cc7015894ed914862d276436fa9a47043"
  integrity sha1-yIHhPMcBWJTtkUhi0nZDb6mkcEM=
