# THIS IS AN AUTOGENERATED FILE. DO NOT EDIT THIS FILE DIRECTLY.
# yarn lockfile v1


"js-tokens@^3.0.0 || ^4.0.0":
  version "4.0.0"
  resolved "http://registry.npm.taobao.org/js-tokens/download/js-tokens-4.0.0.tgz#19203fb59991df98e3a287050d4647cdeaf32499"
  integrity sha1-GSA/tZmR35jjoocFDUZHzerzJJk=

loose-envify@^1.1.0, loose-envify@^1.3.1:
  version "1.4.0"
  resolved "http://registry.npm.taobao.org/loose-envify/download/loose-envify-1.4.0.tgz#71ee51fa7be4caec1a63839f7e682d8132d30caf"
  integrity sha1-ce5R+nvkyuwaY4OffmgtgTLTDK8=
  dependencies:
    js-tokens "^3.0.0 || ^4.0.0"

object-assign@^4.1.1:
  version "4.1.1"
  resolved "http://registry.npm.taobao.org/object-assign/download/object-assign-4.1.1.tgz#2109adc7965887cfc05cbbd442cac8bfbb360863"
  integrity sha1-IQmtx5ZYh8/AXLvUQsrIv7s2CGM=

prop-types@^15.6.2:
  version "15.6.2"
  resolved "http://registry.npm.taobao.org/prop-types/download/prop-types-15.6.2.tgz#05d5ca77b4453e985d60fc7ff8c859094a497102"
  integrity sha1-BdXKd7RFPphdYPx/+MhZCUpJcQI=
  dependencies:
    loose-envify "^1.3.1"
    object-assign "^4.1.1"

react-dom@^16.6.1:
  version "16.6.1"
  resolved "http://registry.npm.taobao.org/react-dom/download/react-dom-16.6.1.tgz#5476e08694ae504ae385a28b62ecc4fe3a29add9"
  integrity sha1-VHbghpSuUErjhaKLYuzE/joprdk=
  dependencies:
    loose-envify "^1.1.0"
    object-assign "^4.1.1"
    prop-types "^15.6.2"
    scheduler "^0.11.0"

react@^16.6.1:
  version "16.6.1"
  resolved "http://registry.npm.taobao.org/react/download/react-16.6.1.tgz#ee2aef4f0a09e494594882029821049772f915fe"
  integrity sha1-7irvTwoJ5JRZSIICmCEEl3L5Ff4=
  dependencies:
    loose-envify "^1.1.0"
    object-assign "^4.1.1"
    prop-types "^15.6.2"
    scheduler "^0.11.0"

scheduler@^0.11.0:
  version "0.11.0"
  resolved "http://registry.npm.taobao.org/scheduler/download/scheduler-0.11.0.tgz#def1f1bfa6550cc57981a87106e65e8aea41a6b5"
  integrity sha1-3vHxv6ZVDMV5gahxBuZeiupBprU=
  dependencies:
    loose-envify "^1.1.0"
    object-assign "^4.1.1"
